
Microsoft Visual Studio Solution File, Format Version 12.00
# Visual Studio Version 17
VisualStudioVersion = 17.13.35913.81 d17.13
MinimumVisualStudioVersion = 10.0.40219.1
Project("{FAE04EC0-301F-11D3-BF4B-00C04F79EFBC}") = "WF.Login", "WF.Login\WF.Login.csproj", "{2848AE0D-D31F-4CD5-A00A-B7CA2EB8FC82}"
EndProject
Global
	GlobalSection(SolutionConfigurationPlatforms) = preSolution
		Debug|Any CPU = Debug|Any CPU
		Release|Any CPU = Release|Any CPU
	EndGlobalSection
	GlobalSection(ProjectConfigurationPlatforms) = postSolution
		{2848AE0D-D31F-4CD5-A00A-B7CA2EB8FC82}.Debug|Any CPU.ActiveCfg = Debug|Any CPU
		{2848AE0D-D31F-4CD5-A00A-B7CA2EB8FC82}.Debug|Any CPU.Build.0 = Debug|Any CPU
		{2848AE0D-D31F-4CD5-A00A-B7CA2EB8FC82}.Release|Any CPU.ActiveCfg = Release|Any CPU
		{2848AE0D-D31F-4CD5-A00A-B7CA2EB8FC82}.Release|Any CPU.Build.0 = Release|Any CPU
	EndGlobalSection
	GlobalSection(SolutionProperties) = preSolution
		HideSolutionNode = FALSE
	EndGlobalSection
	GlobalSection(ExtensibilityGlobals) = postSolution
		SolutionGuid = {7462534C-8B8A-44F4-B717-E887B416EDAE}
	EndGlobalSection
EndGlobal
